
Microsoft Visual Studio Solution File, Format Version 12.00
# Visual Studio 15
VisualStudioVersion = 15.0.28307.539
MinimumVisualStudioVersion = 10.0.40219.1
Project("{FAE04EC0-301F-11D3-BF4B-00C04F79EFBC}") = "AmbientDevice.Android", "AmbientDevice\AmbientDevice.Android\AmbientDevice.Android.csproj", "{DCFA73FF-F5F6-460C-85A1-2B6CFA537953}"
EndProject
Project("{FAE04EC0-301F-11D3-BF4B-00C04F79EFBC}") = "AmbientDevice", "AmbientDevice\AmbientDevice\AmbientDevice.csproj", "{07190559-4183-412F-BD83-617F2E429AA6}"
EndProject
Global
	GlobalSection(SolutionConfigurationPlatforms) = preSolution
		Debug|Any CPU = Debug|Any CPU
		Release|Any CPU = Release|Any CPU
	EndGlobalSection
	GlobalSection(ProjectConfigurationPlatforms) = postSolution
		{DCFA73FF-F5F6-460C-85A1-2B6CFA537953}.Debug|Any CPU.ActiveCfg = Debug|Any CPU
		{DCFA73FF-F5F6-460C-85A1-2B6CFA537953}.Debug|Any CPU.Build.0 = Debug|Any CPU
		{DCFA73FF-F5F6-460C-85A1-2B6CFA537953}.Debug|Any CPU.Deploy.0 = Debug|Any CPU
		{DCFA73FF-F5F6-460C-85A1-2B6CFA537953}.Release|Any CPU.ActiveCfg = Release|Any CPU
		{DCFA73FF-F5F6-460C-85A1-2B6CFA537953}.Release|Any CPU.Build.0 = Release|Any CPU
		{DCFA73FF-F5F6-460C-85A1-2B6CFA537953}.Release|Any CPU.Deploy.0 = Release|Any CPU
		{07190559-4183-412F-BD83-617F2E429AA6}.Debug|Any CPU.ActiveCfg = Debug|Any CPU
		{07190559-4183-412F-BD83-617F2E429AA6}.Debug|Any CPU.Build.0 = Debug|Any CPU
		{07190559-4183-412F-BD83-617F2E429AA6}.Release|Any CPU.ActiveCfg = Release|Any CPU
		{07190559-4183-412F-BD83-617F2E429AA6}.Release|Any CPU.Build.0 = Release|Any CPU
	EndGlobalSection
	GlobalSection(SolutionProperties) = preSolution
		HideSolutionNode = FALSE
	EndGlobalSection
	GlobalSection(ExtensibilityGlobals) = postSolution
		SolutionGuid = {9E4FE6A4-22A3-42A6-9761-BAFEBED5BEC2}
	EndGlobalSection
EndGlobal
